// !$*UTF8*$!
{
	archiveVersion = 1;
	classes = {
	};
	objectVersion = 46;
	objects = {

/* Begin PBXBuildFile section */
		385DFC781CF66B1900156C8A /* AppDelegate.swift in Sources */ = {isa = PBXBuildFile; fileRef = 385DFC771CF66B1900156C8A /* AppDelegate.swift */; };
		385DFC7A1CF66B1900156C8A /* ViewController.swift in Sources */ = {isa = PBXBuildFile; fileRef = 385DFC791CF66B1900156C8A /* ViewController.swift */; };
		385DFC7D1CF66B1900156C8A /* Main.storyboard in Resources */ = {isa = PBXBuildFile; fileRef = 385DFC7B1CF66B1900156C8A /* Main.storyboard */; };
		385DFC7F1CF66B1900156C8A /* Assets.xcassets in Resources */ = {isa = PBXBuildFile; fileRef = 385DFC7E1CF66B1900156C8A /* Assets.xcassets */; };
		385DFC821CF66B1900156C8A /* LaunchScreen.storyboard in Resources */ = {isa = PBXBuildFile; fileRef = 385DFC801CF66B1900156C8A /* LaunchScreen.storyboard */; };
/* End PBXBuildFile section */

/* Begin PBXFileReference section */
		385DFC741CF66B1900156C8A /* StoryTeller.app */ = {isa = PBXFileReference; explicitFileType = wrapper.application; includeInIndex = 0; path = StoryTeller.app; sourceTree = BUILT_PRODUCTS_DIR; };
		385DFC771CF66B1900156C8A /* AppDelegate.swift */ = {isa = PBXFileReference; lastKnownFileType = sourcecode.swift; path = AppDelegate.swift; sourceTree = "<group>"; };
		385DFC791CF66B1900156C8A /* ViewController.swift */ = {isa = PBXFileReference; lastKnownFileType = sourcecode.swift; path = ViewController.swift; sourceTree = "<group>"; };
		385DFC7C1CF66B1900156C8A /* Base */ = {isa = PBXFileReference; lastKnownFileType = file.storyboard; name = Base; path = Base.lproj/Main.storyboard; sourceTree = "<group>"; };
		385DFC7E1CF66B1900156C8A /* Assets.xcassets */ = {isa = PBXFileReference; lastKnownFileType = folder.assetcatalog; path = Assets.xcassets; sourceTree = "<group>"; };
		385DFC811CF66B1900156C8A /* Base */ = {isa = PBXFileReference; lastKnownFileType = file.storyboard; name = Base; path = Base.lproj/LaunchScreen.storyboard; sourceTree = "<group>"; };
		385DFC831CF66B1900156C8A /* Info.plist */ = {isa = PBXFileReference; lastKnownFileType = text.plist.xml; path = Info.plist; sourceTree = "<group>"; };
/* End PBXFileReference section */

/* Begin PBXFrameworksBuildPhase section */
		385DFC711CF66B1900156C8A /* Frameworks */ = {
			isa = PBXFrameworksBuildPhase;
			buildActionMask = 2147483647;
			files = (
			);
			runOnlyForDeploymentPostprocessing = 0;
		};
/* End PBXFrameworksBuildPhase section */

/* Begin PBXGroup section */
		385DFC6B1CF66B1800156C8A = {
			isa = PBXGroup;
			children = (
				385DFC761CF66B1900156C8A /* StoryTeller */,
				385DFC751CF66B1900156C8A /* Products */,
			);
			sourceTree = "<group>";
		};
		385DFC751CF66B1900156C8A /* Products */ = {
			isa = PBXGroup;
			children = (
				385DFC741CF66B1900156C8A /* StoryTeller.app */,
			);
			name = Products;
			sourceTree = "<group>";
		};
		385DFC761CF66B1900156C8A /* StoryTeller */ = {
			isa = PBXGroup;
			children = (
				385DFC771CF66B1900156C8A /* AppDelegate.swift */,
				385DFC791CF66B1900156C8A /* ViewController.swift */,
				385DFC7B1CF66B1900156C8A /* Main.storyboard */,
				385DFC7E1CF66B1900156C8A /* Assets.xcassets */,
				385DFC801CF66B1900156C8A /* LaunchScreen.storyboard */,
				385DFC831CF66B1900156C8A /* Info.plist */,
			);
			path = StoryTeller;
			sourceTree = "<group>";
		};
/* End PBXGroup section */

/* Begin PBXNativeTarget section */
		385DFC731CF66B1900156C8A /* StoryTeller */ = {
			isa = PBXNativeTarget;
			buildConfigurationList = 385DFC861CF66B1900156C8A /* Build configuration list for PBXNativeTarget "StoryTeller" */;
			buildPhases = (
				385DFC701CF66B1900156C8A /* Sources */,
				385DFC711CF66B1900156C8A /* Frameworks */,
				385DFC721CF66B1900156C8A /* Resources */,
			);
			buildRules = (
			);
			dependencies = (
			);
			name = StoryTeller;
			productName = StoryTeller;
			productReference = 385DFC741CF66B1900156C8A /* StoryTeller.app */;
			productType = "com.apple.product-type.application";
		};
/* End PBXNativeTarget section */

/* Begin PBXProject section */
		385DFC6C1CF66B1900156C8A /* Project object */ = {
			isa = PBXProject;
			attributes = {
				LastSwiftUpdateCheck = 0730;
				LastUpgradeCheck = 0730;
				ORGANIZATIONNAME = "Akash Shindhe";
				TargetAttributes = {
					385DFC731CF66B1900156C8A = {
						CreatedOnToolsVersion = 7.3.1;
					};
				};
			};
			buildConfigurationList = 385DFC6F1CF66B1900156C8A /* Build configuration list for PBXProject "StoryTeller" */;
			compatibilityVersion = "Xcode 3.2";
			developmentRegion = English;
			hasScannedForEncodings = 0;
			knownRegions = (
				en,
				Base,
			);
			mainGroup = 385DFC6B1CF66B1800156C8A;
			productRefGroup = 385DFC751CF66B1900156C8A /* Products */;
			projectDirPath = "";
			projectRoot = "";
			targets = (
				385DFC731CF66B1900156C8A /* StoryTeller */,
			);
		};
/* End PBXProject section */

/* Begin PBXResourcesBuildPhase section */
		385DFC721CF66B1900156C8A /* Resources */ = {
			isa = PBXResourcesBuildPhase;
			buildActionMask = 2147483647;
			files = (
				385DFC821CF66B1900156C8A /* LaunchScreen.storyboard in Resources */,
				385DFC7F1CF66B1900156C8A /* Assets.xcassets in Resources */,
				385DFC7D1CF66B1900156C8A /* Main.storyboard in Resources */,
			);
			runOnlyForDeploymentPostprocessing = 0;
		};
/* End PBXResourcesBuildPhase section */

/* Begin PBXSourcesBuildPhase section */
		385DFC701CF66B1900156C8A /* Sources */ = {
			isa = PBXSourcesBuildPhase;
			buildActionMask = 2147483647;
			files = (
				385DFC7A1CF66B1900156C8A /* ViewController.swift in Sources */,
				385DFC781CF66B1900156C8A /* AppDelegate.swift in Sources */,
			);
			runOnlyForDeploymentPostprocessing = 0;
		};
/* End PBXSourcesBuildPhase section */

/* Begin PBXVariantGroup section */
		385DFC7B1CF66B1900156C8A /* Main.storyboard */ = {
			isa = PBXVariantGroup;
			children = (
				385DFC7C1CF66B1900156C8A /* Base */,
			);
			name = Main.storyboard;
			sourceTree = "<group>";
		};
		385DFC801CF66B1900156C8A /* LaunchScreen.storyboard */ = {
			isa = PBXVariantGroup;
			children = (
				385DFC811CF66B1900156C8A /* Base */,
			);
			name = LaunchScreen.storyboard;
			sourceTree = "<group>";
		};
/* End PBXVariantGroup section */

/* Begin XCBuildConfiguration section */
		385DFC841CF66B1900156C8A /* Debug */ = {
			isa = XCBuildConfiguration;
			buildSettings = {
				ALWAYS_SEARCH_USER_PATHS = NO;
				CLANG_ANALYZER_NONNULL = YES;
				CLANG_CXX_LANGUAGE_STANDARD = "gnu++0x";
				CLANG_CXX_LIBRARY = "libc++";
				CLANG_ENABLE_MODULES = YES;
				CLANG_ENABLE_OBJC_ARC = YES;
				CLANG_WARN_BOOL_CONVERSION = YES;
				CLANG_WARN_CONSTANT_CONVERSION = YES;
				CLANG_WARN_DIRECT_OBJC_ISA_USAGE = YES_ERROR;
				CLANG_WARN_EMPTY_BODY = YES;
				CLANG_WARN_ENUM_CONVERSION = YES;
				CLANG_WARN_INT_CONVERSION = YES;
				CLANG_WARN_OBJC_ROOT_CLASS = YES_ERROR;
				CLANG_WARN_UNREACHABLE_CODE = YES;
				CLANG_WARN__DUPLICATE_METHOD_MATCH = YES;
				"CODE_SIGN_IDENTITY[sdk=iphoneos*]" = "iPhone Developer";
				COPY_PHASE_STRIP = NO;
				DEBUG_INFORMATION_FORMAT = dwarf;
				ENABLE_STRICT_OBJC_MSGSEND = YES;
				ENABLE_TESTABILITY = YES;
				GCC_C_LANGUAGE_STANDARD = gnu99;
				GCC_DYNAMIC_NO_PIC = NO;
				GCC_NO_COMMON_BLOCKS = YES;
				GCC_OPTIMIZATION_LEVEL = 0;
				GCC_PREPROCESSOR_DEFINITIONS = (
					"DEBUG=1",
					"$(inherited)",
				);
				GCC_WARN_64_TO_32_BIT_CONVERSION = YES;
				GCC_WARN_ABOUT_RETURN_TYPE = YES_ERROR;
				GCC_WARN_UNDECLARED_SELECTOR = YES;
				GCC_WARN_UNINITIALIZED_AUTOS = YES_AGGRESSIVE;
				GCC_WARN_UNUSED_FUNCTION = YES;
				GCC_WARN_UNUSED_VARIABLE = YES;
				IPHONEOS_DEPLOYMENT_TARGET = 9.3;
				MTL_ENABLE_DEBUG_INFO = YES;
				ONLY_ACTIVE_ARCH = YES;
				SDKROOT = iphoneos;
				SWIFT_OPTIMIZATION_LEVEL = "-Onone";
			};
			name = Debug;
		};
		385DFC851CF66B1900156C8A /* Release */ = {
			isa = XCBuildConfiguration;
			buildSettings = {
				ALWAYS_SEARCH_USER_PATHS = NO;
				CLANG_ANALYZER_NONNULL = YES;
				CLANG_CXX_LANGUAGE_STANDARD = "gnu++0x";
				CLANG_CXX_LIBRARY = "libc++";
				CLANG_ENABLE_MODULES = YES;
				CLANG_ENABLE_OBJC_ARC = YES;
				CLANG_WARN_BOOL_CONVERSION = YES;
				CLANG_WARN_CONSTANT_CONVERSION = YES;
				CLANG_WARN_DIRECT_OBJC_ISA_USAGE = YES_ERROR;
				CLANG_WARN_EMPTY_BODY = YES;
				CLANG_WARN_ENUM_CONVERSION = YES;
				CLANG_WARN_INT_CONVERSION = YES;
				CLANG_WARN_OBJC_ROOT_CLASS = YES_ERROR;
				CLANG_WARN_UNREACHABLE_CODE = YES;
				CLANG_WARN__DUPLICATE_METHOD_MATCH = YES;
				"CODE_SIGN_IDENTITY[sdk=iphoneos*]" = "iPhone Developer";
				COPY_PHASE_STRIP = NO;
				DEBUG_INFORMATION_FORMAT = "dwarf-with-dsym";
				ENABLE_NS_ASSERTIONS = NO;
				ENABLE_STRICT_OBJC_MSGSEND = YES;
				GCC_C_LANGUAGE_STANDARD = gnu99;
				GCC_NO_COMMON_BLOCKS = YES;
				GCC_WARN_64_TO_32_BIT_CONVERSION = YES;
				GCC_WARN_ABOUT_RETURN_TYPE = YES_ERROR;
				GCC_WARN_UNDECLARED_SELECTOR = YES;
				GCC_WARN_UNINITIALIZED_AUTOS = YES_AGGRESSIVE;
				GCC_WARN_UNUSED_FUNCTION = YES;
				GCC_WARN_UNUSED_VARIABLE = YES;
				IPHONEOS_DEPLOYMENT_TARGET = 9.3;
				MTL_ENABLE_DEBUG_INFO = NO;
				SDKROOT = iphoneos;
				VALIDATE_PRODUCT = YES;
			};
			name = Release;
		};
		385DFC871CF66B1900156C8A /* Debug */ = {
			isa = XCBuildConfiguration;
			buildSettings = {
				ASSETCATALOG_COMPILER_APPICON_NAME = AppIcon;
				INFOPLIST_FILE = StoryTeller/Info.plist;
				LD_RUNPATH_SEARCH_PATHS = "$(inherited) @executable_path/Frameworks";
				PRODUCT_BUNDLE_IDENTIFIER = com.connectingdots.StoryTeller;
				PRODUCT_NAME = "$(TARGET_NAME)";
			};
			name = Debug;
		};
		385DFC881CF66B1900156C8A /* Release */ = {
			isa = XCBuildConfiguration;
			buildSettings = {
				ASSETCATALOG_COMPILER_APPICON_NAME = AppIcon;
				INFOPLIST_FILE = StoryTeller/Info.plist;
				LD_RUNPATH_SEARCH_PATHS = "$(inherited) @executable_path/Frameworks";
				PRODUCT_BUNDLE_IDENTIFIER = com.connectingdots.StoryTeller;
				PRODUCT_NAME = "$(TARGET_NAME)";
			};
			name = Release;
		};
/* End XCBuildConfiguration section */

/* Begin XCConfigurationList section */
		385DFC6F1CF66B1900156C8A /* Build configuration list for PBXProject "StoryTeller" */ = {
			isa = XCConfigurationList;
			buildConfigurations = (
				385DFC841CF66B1900156C8A /* Debug */,
				385DFC851CF66B1900156C8A /* Release */,
			);
			defaultConfigurationIsVisible = 0;
			defaultConfigurationName = Release;
		};
		385DFC861CF66B1900156C8A /* Build configuration list for PBXNativeTarget "StoryTeller" */ = {
			isa = XCConfigurationList;
			buildConfigurations = (
				385DFC871CF66B1900156C8A /* Debug */,
				385DFC881CF66B1900156C8A /* Release */,
			);
			defaultConfigurationIsVisible = 0;
		};
/* End XCConfigurationList section */
	};
	rootObject = 385DFC6C1CF66B1900156C8A /* Project object */;
}
